
Microsoft Visual Studio Solution File, Format Version 12.00
# Visual Studio Version 16
VisualStudioVersion = 16.0.31702.278
MinimumVisualStudioVersion = 10.0.40219.1
Project("{FAE04EC0-301F-11D3-BF4B-00C04F79EFBC}") = "Restaurant.WebApp", "Restaurant.WebApp\Restaurant.WebApp.csproj", "{244654A9-68E4-4C93-80BF-18D4331AEFD5}"
EndProject
Project("{FAE04EC0-301F-11D3-BF4B-00C04F79EFBC}") = "Restaurant.API", "Restaurant.API\Restaurant.API.csproj", "{0272811B-2563-43E1-90AB-220F0B1E8491}"
EndProject
Global
	GlobalSection(SolutionConfigurationPlatforms) = preSolution
		Debug|Any CPU = Debug|Any CPU
		Release|Any CPU = Release|Any CPU
	EndGlobalSection
	GlobalSection(ProjectConfigurationPlatforms) = postSolution
		{244654A9-68E4-4C93-80BF-18D4331AEFD5}.Debug|Any CPU.ActiveCfg = Debug|Any CPU
		{244654A9-68E4-4C93-80BF-18D4331AEFD5}.Debug|Any CPU.Build.0 = Debug|Any CPU
		{244654A9-68E4-4C93-80BF-18D4331AEFD5}.Release|Any CPU.ActiveCfg = Release|Any CPU
		{244654A9-68E4-4C93-80BF-18D4331AEFD5}.Release|Any CPU.Build.0 = Release|Any CPU
		{0272811B-2563-43E1-90AB-220F0B1E8491}.Debug|Any CPU.ActiveCfg = Debug|Any CPU
		{0272811B-2563-43E1-90AB-220F0B1E8491}.Debug|Any CPU.Build.0 = Debug|Any CPU
		{0272811B-2563-43E1-90AB-220F0B1E8491}.Release|Any CPU.ActiveCfg = Release|Any CPU
		{0272811B-2563-43E1-90AB-220F0B1E8491}.Release|Any CPU.Build.0 = Release|Any CPU
	EndGlobalSection
	GlobalSection(SolutionProperties) = preSolution
		HideSolutionNode = FALSE
	EndGlobalSection
	GlobalSection(ExtensibilityGlobals) = postSolution
		SolutionGuid = {61C24FB7-B3B9-4F72-B9F1-91B71046E0FC}
	EndGlobalSection
EndGlobal
